
Microsoft Visual Studio Solution File, Format Version 12.00
Project("{FAE04EC0-301F-11D3-BF4B-00C04F79EFBC}") = "SalaryCalculator.Console", "SalaryCalculator.Console\SalaryCalculator.Console.csproj", "{FDCB6BEB-0E70-4CBE-9691-63EC44504478}"
EndProject
Project("{FAE04EC0-301F-11D3-BF4B-00C04F79EFBC}") = "SalaryCalculator.Tests", "SalaryCalculator.Tests\SalaryCalculator.Tests.csproj", "{7F1933D9-C1F2-4715-9F15-7B1BD50AA1C5}"
EndProject
Global
	GlobalSection(SolutionConfigurationPlatforms) = preSolution
		Debug|Any CPU = Debug|Any CPU
		Release|Any CPU = Release|Any CPU
	EndGlobalSection
	GlobalSection(ProjectConfigurationPlatforms) = postSolution
		{FDCB6BEB-0E70-4CBE-9691-63EC44504478}.Debug|Any CPU.ActiveCfg = Debug|Any CPU
		{FDCB6BEB-0E70-4CBE-9691-63EC44504478}.Debug|Any CPU.Build.0 = Debug|Any CPU
		{FDCB6BEB-0E70-4CBE-9691-63EC44504478}.Release|Any CPU.ActiveCfg = Release|Any CPU
		{FDCB6BEB-0E70-4CBE-9691-63EC44504478}.Release|Any CPU.Build.0 = Release|Any CPU
		{7F1933D9-C1F2-4715-9F15-7B1BD50AA1C5}.Debug|Any CPU.ActiveCfg = Debug|Any CPU
		{7F1933D9-C1F2-4715-9F15-7B1BD50AA1C5}.Debug|Any CPU.Build.0 = Debug|Any CPU
		{7F1933D9-C1F2-4715-9F15-7B1BD50AA1C5}.Release|Any CPU.ActiveCfg = Release|Any CPU
		{7F1933D9-C1F2-4715-9F15-7B1BD50AA1C5}.Release|Any CPU.Build.0 = Release|Any CPU
	EndGlobalSection
EndGlobal
